Microsoft Visual Studio Solution File, Format Version 12.00
# Visual Studio Version 17
VisualStudioVersion = 17.5.2.0
MinimumVisualStudioVersion = 10.0.40219.1
Project("{FAE04EC0-301F-11D3-BF4B-00C04F79EFBC}") = "wdrop", "wdrop.csproj", "{F60565B5-3AFB-6A67-5B32-7EAEDA30F843}"
EndProject
Global
	GlobalSection(SolutionConfigurationPlatforms) = preSolution
		Debug|Any CPU = Debug|Any CPU
		Release|Any CPU = Release|Any CPU
	EndGlobalSection
	GlobalSection(ProjectConfigurationPlatforms) = postSolution
		{F60565B5-3AFB-6A67-5B32-7EAEDA30F843}.Debug|Any CPU.ActiveCfg = Debug|Any CPU
		{F60565B5-3AFB-6A67-5B32-7EAEDA30F843}.Debug|Any CPU.Build.0 = Debug|Any CPU
		{F60565B5-3AFB-6A67-5B32-7EAEDA30F843}.Release|Any CPU.ActiveCfg = Release|Any CPU
		{F60565B5-3AFB-6A67-5B32-7EAEDA30F843}.Release|Any CPU.Build.0 = Release|Any CPU
	EndGlobalSection
	GlobalSection(SolutionProperties) = preSolution
		HideSolutionNode = FALSE
	EndGlobalSection
	GlobalSection(ExtensibilityGlobals) = postSolution
		SolutionGuid = {A9678B3B-628E-40FB-8197-5179E0E7E74C}
	EndGlobalSection
EndGlobal
